
Microsoft Visual Studio Solution File, Format Version 12.00
# Visual Studio Version 17
VisualStudioVersion = 17.4.33213.308
MinimumVisualStudioVersion = 10.0.40219.1
Project("{FAE04EC0-301F-11D3-BF4B-00C04F79EFBC}") = "TaxiBookingService", "TaxiBookingService\TaxiBookingService.csproj", "{3A737FD5-5A71-48FB-82FE-F24089E65266}"
EndProject
Global
	GlobalSection(SolutionConfigurationPlatforms) = preSolution
		Debug|Any CPU = Debug|Any CPU
		Release|Any CPU = Release|Any CPU
	EndGlobalSection
	GlobalSection(ProjectConfigurationPlatforms) = postSolution
		{3A737FD5-5A71-48FB-82FE-F24089E65266}.Debug|Any CPU.ActiveCfg = Debug|Any CPU
		{3A737FD5-5A71-48FB-82FE-F24089E65266}.Debug|Any CPU.Build.0 = Debug|Any CPU
		{3A737FD5-5A71-48FB-82FE-F24089E65266}.Release|Any CPU.ActiveCfg = Release|Any CPU
		{3A737FD5-5A71-48FB-82FE-F24089E65266}.Release|Any CPU.Build.0 = Release|Any CPU
	EndGlobalSection
	GlobalSection(SolutionProperties) = preSolution
		HideSolutionNode = FALSE
	EndGlobalSection
	GlobalSection(ExtensibilityGlobals) = postSolution
		SolutionGuid = {CB4C0D44-4B1F-4F42-B48D-9564BC726B7B}
	EndGlobalSection
EndGlobal
